
Microsoft Visual Studio Solution File, Format Version 12.00
# Visual Studio Version 16
VisualStudioVersion = 16.0.31313.79
MinimumVisualStudioVersion = 10.0.40219.1
Project("{FAE04EC0-301F-11D3-BF4B-00C04F79EFBC}") = "Консольный калькулятор", "Консольный калькулятор\Консольный калькулятор.csproj", "{7112A6F7-4E0E-4BBF-9100-F374EBCF90EA}"
EndProject
Global
	GlobalSection(SolutionConfigurationPlatforms) = preSolution
		Debug|Any CPU = Debug|Any CPU
		Release|Any CPU = Release|Any CPU
	EndGlobalSection
	GlobalSection(ProjectConfigurationPlatforms) = postSolution
		{7112A6F7-4E0E-4BBF-9100-F374EBCF90EA}.Debug|Any CPU.ActiveCfg = Debug|Any CPU
		{7112A6F7-4E0E-4BBF-9100-F374EBCF90EA}.Debug|Any CPU.Build.0 = Debug|Any CPU
		{7112A6F7-4E0E-4BBF-9100-F374EBCF90EA}.Release|Any CPU.ActiveCfg = Release|Any CPU
		{7112A6F7-4E0E-4BBF-9100-F374EBCF90EA}.Release|Any CPU.Build.0 = Release|Any CPU
	EndGlobalSection
	GlobalSection(SolutionProperties) = preSolution
		HideSolutionNode = FALSE
	EndGlobalSection
	GlobalSection(ExtensibilityGlobals) = postSolution
		SolutionGuid = {AABFD313-60B0-41E4-B8A8-D1561F3A822E}
	EndGlobalSection
EndGlobal
