
Microsoft Visual Studio Solution File, Format Version 12.00
Project("{FAE04EC0-301F-11D3-BF4B-00C04F79EFBC}") = "Reqursia", "Reqursia\Reqursia.csproj", "{0641550A-EF4B-449C-8D09-E239AEBC127C}"
EndProject
Global
	GlobalSection(SolutionConfigurationPlatforms) = preSolution
		Debug|Any CPU = Debug|Any CPU
		Release|Any CPU = Release|Any CPU
	EndGlobalSection
	GlobalSection(ProjectConfigurationPlatforms) = postSolution
		{0641550A-EF4B-449C-8D09-E239AEBC127C}.Debug|Any CPU.ActiveCfg = Debug|Any CPU
		{0641550A-EF4B-449C-8D09-E239AEBC127C}.Debug|Any CPU.Build.0 = Debug|Any CPU
		{0641550A-EF4B-449C-8D09-E239AEBC127C}.Release|Any CPU.ActiveCfg = Release|Any CPU
		{0641550A-EF4B-449C-8D09-E239AEBC127C}.Release|Any CPU.Build.0 = Release|Any CPU
	EndGlobalSection
EndGlobal
