
Microsoft Visual Studio Solution File, Format Version 12.00
# Visual Studio Version 16
VisualStudioVersion = 16.0.31205.134
MinimumVisualStudioVersion = 10.0.40219.1
Project("{FAE04EC0-301F-11D3-BF4B-00C04F79EFBC}") = "EnumDays", "EnumDays\EnumDays.csproj", "{DB643AD2-512F-4668-9A08-2E26122ED4B8}"
EndProject
Global
	GlobalSection(SolutionConfigurationPlatforms) = preSolution
		Debug|Any CPU = Debug|Any CPU
		Release|Any CPU = Release|Any CPU
	EndGlobalSection
	GlobalSection(ProjectConfigurationPlatforms) = postSolution
		{DB643AD2-512F-4668-9A08-2E26122ED4B8}.Debug|Any CPU.ActiveCfg = Debug|Any CPU
		{DB643AD2-512F-4668-9A08-2E26122ED4B8}.Debug|Any CPU.Build.0 = Debug|Any CPU
		{DB643AD2-512F-4668-9A08-2E26122ED4B8}.Release|Any CPU.ActiveCfg = Release|Any CPU
		{DB643AD2-512F-4668-9A08-2E26122ED4B8}.Release|Any CPU.Build.0 = Release|Any CPU
	EndGlobalSection
	GlobalSection(SolutionProperties) = preSolution
		HideSolutionNode = FALSE
	EndGlobalSection
	GlobalSection(ExtensibilityGlobals) = postSolution
		SolutionGuid = {48287521-E13C-4853-8160-1374B61E39BF}
	EndGlobalSection
EndGlobal
