
Microsoft Visual Studio Solution File, Format Version 12.00
# Visual Studio Version 16
VisualStudioVersion = 16.0.31313.79
MinimumVisualStudioVersion = 10.0.40219.1
Project("{FAE04EC0-301F-11D3-BF4B-00C04F79EFBC}") = "Математические операции", "Математические операции\Математические операции.csproj", "{757EB287-E45D-4807-A84A-94A2A8EEAE94}"
EndProject
Global
	GlobalSection(SolutionConfigurationPlatforms) = preSolution
		Debug|Any CPU = Debug|Any CPU
		Release|Any CPU = Release|Any CPU
	EndGlobalSection
	GlobalSection(ProjectConfigurationPlatforms) = postSolution
		{757EB287-E45D-4807-A84A-94A2A8EEAE94}.Debug|Any CPU.ActiveCfg = Debug|Any CPU
		{757EB287-E45D-4807-A84A-94A2A8EEAE94}.Debug|Any CPU.Build.0 = Debug|Any CPU
		{757EB287-E45D-4807-A84A-94A2A8EEAE94}.Release|Any CPU.ActiveCfg = Release|Any CPU
		{757EB287-E45D-4807-A84A-94A2A8EEAE94}.Release|Any CPU.Build.0 = Release|Any CPU
	EndGlobalSection
	GlobalSection(SolutionProperties) = preSolution
		HideSolutionNode = FALSE
	EndGlobalSection
	GlobalSection(ExtensibilityGlobals) = postSolution
		SolutionGuid = {697E0781-5645-4FAF-B79B-F23BDCE0CC37}
	EndGlobalSection
EndGlobal
